// !$*UTF8*$!
{
	archiveVersion = 1;
	classes = {
	};
	objectVersion = 56;
	objects = {

/* Begin PBXBuildFile section */
		AE21D58C29638E0200004778 /* main.swift in Sources */ = {isa = PBXBuildFile; fileRef = AE21D58B29638E0200004778 /* main.swift */; };
		AE21D5932963DAFF00004778 /* Game.swift in Sources */ = {isa = PBXBuildFile; fileRef = AE21D5922963DAFF00004778 /* Game.swift */; };
		AE21D5952963DED700004778 /* Knowledge.swift in Sources */ = {isa = PBXBuildFile; fileRef = AE21D5942963DED700004778 /* Knowledge.swift */; };
		AE21D5992963ED2A00004778 /* Player.swift in Sources */ = {isa = PBXBuildFile; fileRef = AE21D5982963ED2A00004778 /* Player.swift */; };
		AE21D59B2964863700004778 /* Human.swift in Sources */ = {isa = PBXBuildFile; fileRef = AE21D59A2964863700004778 /* Human.swift */; };
		AE21D5A12965409000004778 /* RandomAI.swift in Sources */ = {isa = PBXBuildFile; fileRef = AE21D5A02965409000004778 /* RandomAI.swift */; };
		AE721DAF2973CFB500862782 /* ComputerPlayer.swift in Sources */ = {isa = PBXBuildFile; fileRef = AE721DAE2973CFB500862782 /* ComputerPlayer.swift */; };
/* End PBXBuildFile section */

/* Begin PBXCopyFilesBuildPhase section */
		AE21D58629638E0200004778 /* CopyFiles */ = {
			isa = PBXCopyFilesBuildPhase;
			buildActionMask = 2147483647;
			dstPath = /usr/share/man/man1/;
			dstSubfolderSpec = 0;
			files = (
			);
			runOnlyForDeploymentPostprocessing = 1;
		};
/* End PBXCopyFilesBuildPhase section */

/* Begin PBXFileReference section */
		AE21D58829638E0200004778 /* Clue */ = {isa = PBXFileReference; explicitFileType = "compiled.mach-o.executable"; includeInIndex = 0; path = Clue; sourceTree = BUILT_PRODUCTS_DIR; };
		AE21D58B29638E0200004778 /* main.swift */ = {isa = PBXFileReference; lastKnownFileType = sourcecode.swift; path = main.swift; sourceTree = "<group>"; };
		AE21D5922963DAFF00004778 /* Game.swift */ = {isa = PBXFileReference; lastKnownFileType = sourcecode.swift; path = Game.swift; sourceTree = "<group>"; };
		AE21D5942963DED700004778 /* Knowledge.swift */ = {isa = PBXFileReference; lastKnownFileType = sourcecode.swift; path = Knowledge.swift; sourceTree = "<group>"; };
		AE21D5982963ED2A00004778 /* Player.swift */ = {isa = PBXFileReference; lastKnownFileType = sourcecode.swift; path = Player.swift; sourceTree = "<group>"; };
		AE21D59A2964863700004778 /* Human.swift */ = {isa = PBXFileReference; lastKnownFileType = sourcecode.swift; path = Human.swift; sourceTree = "<group>"; };
		AE21D5A02965409000004778 /* RandomAI.swift */ = {isa = PBXFileReference; lastKnownFileType = sourcecode.swift; path = RandomAI.swift; sourceTree = "<group>"; };
		AE721DAE2973CFB500862782 /* ComputerPlayer.swift */ = {isa = PBXFileReference; lastKnownFileType = sourcecode.swift; path = ComputerPlayer.swift; sourceTree = "<group>"; };
/* End PBXFileReference section */

/* Begin PBXFrameworksBuildPhase section */
		AE21D58529638E0200004778 /* Frameworks */ = {
			isa = PBXFrameworksBuildPhase;
			buildActionMask = 2147483647;
			files = (
			);
			runOnlyForDeploymentPostprocessing = 0;
		};
/* End PBXFrameworksBuildPhase section */

/* Begin PBXGroup section */
		AE21D57F29638E0200004778 = {
			isa = PBXGroup;
			children = (
				AE721DAE2973CFB500862782 /* ComputerPlayer.swift */,
				AE21D58A29638E0200004778 /* Clue */,
				AE21D58929638E0200004778 /* Products */,
			);
			sourceTree = "<group>";
		};
		AE21D58929638E0200004778 /* Products */ = {
			isa = PBXGroup;
			children = (
				AE21D58829638E0200004778 /* Clue */,
			);
			name = Products;
			sourceTree = "<group>";
		};
		AE21D58A29638E0200004778 /* Clue */ = {
			isa = PBXGroup;
			children = (
				AE21D58B29638E0200004778 /* main.swift */,
				AE21D5922963DAFF00004778 /* Game.swift */,
				AE21D5942963DED700004778 /* Knowledge.swift */,
				AE21D5982963ED2A00004778 /* Player.swift */,
				AE21D59A2964863700004778 /* Human.swift */,
				AE21D5A02965409000004778 /* RandomAI.swift */,
			);
			path = Clue;
			sourceTree = "<group>";
		};
/* End PBXGroup section */

/* Begin PBXNativeTarget section */
		AE21D58729638E0200004778 /* Clue */ = {
			isa = PBXNativeTarget;
			buildConfigurationList = AE21D58F29638E0200004778 /* Build configuration list for PBXNativeTarget "Clue" */;
			buildPhases = (
				AE21D58429638E0200004778 /* Sources */,
				AE21D58529638E0200004778 /* Frameworks */,
				AE21D58629638E0200004778 /* CopyFiles */,
			);
			buildRules = (
			);
			dependencies = (
			);
			name = Clue;
			productName = Clue;
			productReference = AE21D58829638E0200004778 /* Clue */;
			productType = "com.apple.product-type.tool";
		};
/* End PBXNativeTarget section */

/* Begin PBXProject section */
		AE21D58029638E0200004778 /* Project object */ = {
			isa = PBXProject;
			attributes = {
				BuildIndependentTargetsInParallel = 1;
				LastSwiftUpdateCheck = 1420;
				LastUpgradeCheck = 1420;
				TargetAttributes = {
					AE21D58729638E0200004778 = {
						CreatedOnToolsVersion = 14.2;
					};
				};
			};
			buildConfigurationList = AE21D58329638E0200004778 /* Build configuration list for PBXProject "Clue" */;
			compatibilityVersion = "Xcode 14.0";
			developmentRegion = en;
			hasScannedForEncodings = 0;
			knownRegions = (
				en,
				Base,
			);
			mainGroup = AE21D57F29638E0200004778;
			productRefGroup = AE21D58929638E0200004778 /* Products */;
			projectDirPath = "";
			projectRoot = "";
			targets = (
				AE21D58729638E0200004778 /* Clue */,
			);
		};
/* End PBXProject section */

/* Begin PBXSourcesBuildPhase section */
		AE21D58429638E0200004778 /* Sources */ = {
			isa = PBXSourcesBuildPhase;
			buildActionMask = 2147483647;
			files = (
				AE21D5992963ED2A00004778 /* Player.swift in Sources */,
				AE21D5A12965409000004778 /* RandomAI.swift in Sources */,
				AE21D5952963DED700004778 /* Knowledge.swift in Sources */,
				AE21D59B2964863700004778 /* Human.swift in Sources */,
				AE21D58C29638E0200004778 /* main.swift in Sources */,
				AE21D5932963DAFF00004778 /* Game.swift in Sources */,
				AE721DAF2973CFB500862782 /* ComputerPlayer.swift in Sources */,
			);
			runOnlyForDeploymentPostprocessing = 0;
		};
/* End PBXSourcesBuildPhase section */

/* Begin XCBuildConfiguration section */
		AE21D58D29638E0200004778 /* Debug */ = {
			isa = XCBuildConfiguration;
			buildSettings = {
				ALWAYS_SEARCH_USER_PATHS = NO;
				CLANG_ANALYZER_NONNULL = YES;
				CLANG_ANALYZER_NUMBER_OBJECT_CONVERSION = YES_AGGRESSIVE;
				CLANG_CXX_LANGUAGE_STANDARD = "gnu++20";
				CLANG_ENABLE_MODULES = YES;
				CLANG_ENABLE_OBJC_ARC = YES;
				CLANG_ENABLE_OBJC_WEAK = YES;
				CLANG_WARN_BLOCK_CAPTURE_AUTORELEASING = YES;
				CLANG_WARN_BOOL_CONVERSION = YES;
				CLANG_WARN_COMMA = YES;
				CLANG_WARN_CONSTANT_CONVERSION = YES;
				CLANG_WARN_DEPRECATED_OBJC_IMPLEMENTATIONS = YES;
				CLANG_WARN_DIRECT_OBJC_ISA_USAGE = YES_ERROR;
				CLANG_WARN_DOCUMENTATION_COMMENTS = YES;
				CLANG_WARN_EMPTY_BODY = YES;
				CLANG_WARN_ENUM_CONVERSION = YES;
				CLANG_WARN_INFINITE_RECURSION = YES;
				CLANG_WARN_INT_CONVERSION = YES;
				CLANG_WARN_NON_LITERAL_NULL_CONVERSION = YES;
				CLANG_WARN_OBJC_IMPLICIT_RETAIN_SELF = YES;
				CLANG_WARN_OBJC_LITERAL_CONVERSION = YES;
				CLANG_WARN_OBJC_ROOT_CLASS = YES_ERROR;
				CLANG_WARN_QUOTED_INCLUDE_IN_FRAMEWORK_HEADER = YES;
				CLANG_WARN_RANGE_LOOP_ANALYSIS = YES;
				CLANG_WARN_STRICT_PROTOTYPES = YES;
				CLANG_WARN_SUSPICIOUS_MOVE = YES;
				CLANG_WARN_UNGUARDED_AVAILABILITY = YES_AGGRESSIVE;
				CLANG_WARN_UNREACHABLE_CODE = YES;
				CLANG_WARN__DUPLICATE_METHOD_MATCH = YES;
				COPY_PHASE_STRIP = NO;
				DEBUG_INFORMATION_FORMAT = dwarf;
				ENABLE_STRICT_OBJC_MSGSEND = YES;
				ENABLE_TESTABILITY = YES;
				GCC_C_LANGUAGE_STANDARD = gnu11;
				GCC_DYNAMIC_NO_PIC = NO;
				GCC_NO_COMMON_BLOCKS = YES;
				GCC_OPTIMIZATION_LEVEL = 0;
				GCC_PREPROCESSOR_DEFINITIONS = (
					"DEBUG=1",
					"$(inherited)",
				);
				GCC_WARN_64_TO_32_BIT_CONVERSION = YES;
				GCC_WARN_ABOUT_RETURN_TYPE = YES_ERROR;
				GCC_WARN_UNDECLARED_SELECTOR = YES;
				GCC_WARN_UNINITIALIZED_AUTOS = YES_AGGRESSIVE;
				GCC_WARN_UNUSED_FUNCTION = YES;
				GCC_WARN_UNUSED_VARIABLE = YES;
				MACOSX_DEPLOYMENT_TARGET = 13.1;
				MTL_ENABLE_DEBUG_INFO = INCLUDE_SOURCE;
				MTL_FAST_MATH = YES;
				ONLY_ACTIVE_ARCH = YES;
				SDKROOT = macosx;
				SWIFT_ACTIVE_COMPILATION_CONDITIONS = DEBUG;
				SWIFT_OPTIMIZATION_LEVEL = "-Onone";
			};
			name = Debug;
		};
		AE21D58E29638E0200004778 /* Release */ = {
			isa = XCBuildConfiguration;
			buildSettings = {
				ALWAYS_SEARCH_USER_PATHS = NO;
				CLANG_ANALYZER_NONNULL = YES;
				CLANG_ANALYZER_NUMBER_OBJECT_CONVERSION = YES_AGGRESSIVE;
				CLANG_CXX_LANGUAGE_STANDARD = "gnu++20";
				CLANG_ENABLE_MODULES = YES;
				CLANG_ENABLE_OBJC_ARC = YES;
				CLANG_ENABLE_OBJC_WEAK = YES;
				CLANG_WARN_BLOCK_CAPTURE_AUTORELEASING = YES;
				CLANG_WARN_BOOL_CONVERSION = YES;
				CLANG_WARN_COMMA = YES;
				CLANG_WARN_CONSTANT_CONVERSION = YES;
				CLANG_WARN_DEPRECATED_OBJC_IMPLEMENTATIONS = YES;
				CLANG_WARN_DIRECT_OBJC_ISA_USAGE = YES_ERROR;
				CLANG_WARN_DOCUMENTATION_COMMENTS = YES;
				CLANG_WARN_EMPTY_BODY = YES;
				CLANG_WARN_ENUM_CONVERSION = YES;
				CLANG_WARN_INFINITE_RECURSION = YES;
				CLANG_WARN_INT_CONVERSION = YES;
				CLANG_WARN_NON_LITERAL_NULL_CONVERSION = YES;
				CLANG_WARN_OBJC_IMPLICIT_RETAIN_SELF = YES;
				CLANG_WARN_OBJC_LITERAL_CONVERSION = YES;
				CLANG_WARN_OBJC_ROOT_CLASS = YES_ERROR;
				CLANG_WARN_QUOTED_INCLUDE_IN_FRAMEWORK_HEADER = YES;
				CLANG_WARN_RANGE_LOOP_ANALYSIS = YES;
				CLANG_WARN_STRICT_PROTOTYPES = YES;
				CLANG_WARN_SUSPICIOUS_MOVE = YES;
				CLANG_WARN_UNGUARDED_AVAILABILITY = YES_AGGRESSIVE;
				CLANG_WARN_UNREACHABLE_CODE = YES;
				CLANG_WARN__DUPLICATE_METHOD_MATCH = YES;
				COPY_PHASE_STRIP = NO;
				DEBUG_INFORMATION_FORMAT = "dwarf-with-dsym";
				ENABLE_NS_ASSERTIONS = NO;
				ENABLE_STRICT_OBJC_MSGSEND = YES;
				GCC_C_LANGUAGE_STANDARD = gnu11;
				GCC_NO_COMMON_BLOCKS = YES;
				GCC_WARN_64_TO_32_BIT_CONVERSION = YES;
				GCC_WARN_ABOUT_RETURN_TYPE = YES_ERROR;
				GCC_WARN_UNDECLARED_SELECTOR = YES;
				GCC_WARN_UNINITIALIZED_AUTOS = YES_AGGRESSIVE;
				GCC_WARN_UNUSED_FUNCTION = YES;
				GCC_WARN_UNUSED_VARIABLE = YES;
				MACOSX_DEPLOYMENT_TARGET = 13.1;
				MTL_ENABLE_DEBUG_INFO = NO;
				MTL_FAST_MATH = YES;
				SDKROOT = macosx;
				SWIFT_COMPILATION_MODE = wholemodule;
				SWIFT_OPTIMIZATION_LEVEL = "-O";
			};
			name = Release;
		};
		AE21D59029638E0200004778 /* Debug */ = {
			isa = XCBuildConfiguration;
			buildSettings = {
				CODE_SIGN_STYLE = Automatic;
				DEVELOPMENT_TEAM = JDSTZ7K2MV;
				ENABLE_HARDENED_RUNTIME = YES;
				PRODUCT_NAME = "$(TARGET_NAME)";
				SWIFT_VERSION = 5.0;
			};
			name = Debug;
		};
		AE21D59129638E0200004778 /* Release */ = {
			isa = XCBuildConfiguration;
			buildSettings = {
				CODE_SIGN_STYLE = Automatic;
				DEVELOPMENT_TEAM = JDSTZ7K2MV;
				ENABLE_HARDENED_RUNTIME = YES;
				PRODUCT_NAME = "$(TARGET_NAME)";
				SWIFT_VERSION = 5.0;
			};
			name = Release;
		};
/* End XCBuildConfiguration section */

/* Begin XCConfigurationList section */
		AE21D58329638E0200004778 /* Build configuration list for PBXProject "Clue" */ = {
			isa = XCConfigurationList;
			buildConfigurations = (
				AE21D58D29638E0200004778 /* Debug */,
				AE21D58E29638E0200004778 /* Release */,
			);
			defaultConfigurationIsVisible = 0;
			defaultConfigurationName = Release;
		};
		AE21D58F29638E0200004778 /* Build configuration list for PBXNativeTarget "Clue" */ = {
			isa = XCConfigurationList;
			buildConfigurations = (
				AE21D59029638E0200004778 /* Debug */,
				AE21D59129638E0200004778 /* Release */,
			);
			defaultConfigurationIsVisible = 0;
			defaultConfigurationName = Release;
		};
/* End XCConfigurationList section */
	};
	rootObject = AE21D58029638E0200004778 /* Project object */;
}
